
Microsoft Visual Studio Solution File, Format Version 12.00
# Visual Studio Version 17
VisualStudioVersion = 17.9.34622.214
MinimumVisualStudioVersion = 10.0.40219.1
Project("{FAE04EC0-301F-11D3-BF4B-00C04F79EFBC}") = "EXE201.ProjectManagement.API", "EXE201.ProjectManagement.API\EXE201.ProjectManagement.API.csproj", "{9488763E-C375-4FB2-A647-1960F5833699}"
EndProject
Project("{FAE04EC0-301F-11D3-BF4B-00C04F79EFBC}") = "Repo.ProjectManagement.API", "Repo.ProjectManagement.API\Repo.ProjectManagement.API.csproj", "{1F96EC1F-CF30-4417-89D2-DF39B8CA5042}"
EndProject
Project("{FAE04EC0-301F-11D3-BF4B-00C04F79EFBC}") = "Service.ProjectManagement.API", "Service.ProjectManagement.API\Service.ProjectManagement.API.csproj", "{1E989485-378A-478B-BB6C-3C0D70082803}"
EndProject
Global
	GlobalSection(SolutionConfigurationPlatforms) = preSolution
		Debug|Any CPU = Debug|Any CPU
		Release|Any CPU = Release|Any CPU
	EndGlobalSection
	GlobalSection(ProjectConfigurationPlatforms) = postSolution
		{9488763E-C375-4FB2-A647-1960F5833699}.Debug|Any CPU.ActiveCfg = Debug|Any CPU
		{9488763E-C375-4FB2-A647-1960F5833699}.Debug|Any CPU.Build.0 = Debug|Any CPU
		{9488763E-C375-4FB2-A647-1960F5833699}.Release|Any CPU.ActiveCfg = Release|Any CPU
		{9488763E-C375-4FB2-A647-1960F5833699}.Release|Any CPU.Build.0 = Release|Any CPU
		{1F96EC1F-CF30-4417-89D2-DF39B8CA5042}.Debug|Any CPU.ActiveCfg = Debug|Any CPU
		{1F96EC1F-CF30-4417-89D2-DF39B8CA5042}.Debug|Any CPU.Build.0 = Debug|Any CPU
		{1F96EC1F-CF30-4417-89D2-DF39B8CA5042}.Release|Any CPU.ActiveCfg = Release|Any CPU
		{1F96EC1F-CF30-4417-89D2-DF39B8CA5042}.Release|Any CPU.Build.0 = Release|Any CPU
		{1E989485-378A-478B-BB6C-3C0D70082803}.Debug|Any CPU.ActiveCfg = Debug|Any CPU
		{1E989485-378A-478B-BB6C-3C0D70082803}.Debug|Any CPU.Build.0 = Debug|Any CPU
		{1E989485-378A-478B-BB6C-3C0D70082803}.Release|Any CPU.ActiveCfg = Release|Any CPU
		{1E989485-378A-478B-BB6C-3C0D70082803}.Release|Any CPU.Build.0 = Release|Any CPU
	EndGlobalSection
	GlobalSection(SolutionProperties) = preSolution
		HideSolutionNode = FALSE
	EndGlobalSection
	GlobalSection(ExtensibilityGlobals) = postSolution
		SolutionGuid = {010027F3-57CA-43B6-99C8-76C9038348EE}
	EndGlobalSection
EndGlobal
